
Microsoft Visual Studio Solution File, Format Version 12.00
# Visual Studio Version 17
VisualStudioVersion = 17.7.34202.233
MinimumVisualStudioVersion = 10.0.40219.1
Project("{FAE04EC0-301F-11D3-BF4B-00C04F79EFBC}") = "PersonalBlog", "PersonalBlog\PersonalBlog.csproj", "{FCFED419-080E-49A6-A08A-E90FA91260E5}"
EndProject
Global
	GlobalSection(SolutionConfigurationPlatforms) = preSolution
		Debug|Any CPU = Debug|Any CPU
		Release|Any CPU = Release|Any CPU
	EndGlobalSection
	GlobalSection(ProjectConfigurationPlatforms) = postSolution
		{FCFED419-080E-49A6-A08A-E90FA91260E5}.Debug|Any CPU.ActiveCfg = Debug|Any CPU
		{FCFED419-080E-49A6-A08A-E90FA91260E5}.Debug|Any CPU.Build.0 = Debug|Any CPU
		{FCFED419-080E-49A6-A08A-E90FA91260E5}.Release|Any CPU.ActiveCfg = Release|Any CPU
		{FCFED419-080E-49A6-A08A-E90FA91260E5}.Release|Any CPU.Build.0 = Release|Any CPU
	EndGlobalSection
	GlobalSection(SolutionProperties) = preSolution
		HideSolutionNode = FALSE
	EndGlobalSection
	GlobalSection(ExtensibilityGlobals) = postSolution
		SolutionGuid = {C7678DA5-45F4-4FD5-B8AC-8025436E4CD3}
	EndGlobalSection
EndGlobal
